<?xml version="1.0" encoding="utf-8"?>
<Project ToolsVersion="4.0" xmlns="http://schemas.microsoft.com/developer/msbuild/2003">
  <ItemGroup>
    <ClCompile Include="lua.cpp" />
    <ClCompile Include="lapi.cpp" />
    <ClCompile Include="lauxlib.cpp" />
    <ClCompile Include="lbaselib.cpp" />
    <ClCompile Include="lbitlib.cpp" />
    <ClCompile Include="lcode.cpp" />
    <ClCompile Include="lcorolib.cpp" />
    <ClCompile Include="lctype.cpp" />
    <ClCompile Include="lzio.cpp" />
    <ClCompile Include="lvm.cpp" />
    <ClCompile Include="lutf8lib.cpp" />
    <ClCompile Include="lundump.cpp" />
    <ClCompile Include="luac.cpp" />
    <ClCompile Include="ltm.cpp" />
    <ClCompile Include="ltablib.cpp" />
    <ClCompile Include="ldblib.cpp" />
    <ClCompile Include="ldebug.cpp" />
    <ClCompile Include="ldo.cpp" />
    <ClCompile Include="ldump.cpp" />
    <ClCompile Include="lfunc.cpp" />
    <ClCompile Include="lgc.cpp" />
    <ClCompile Include="linit.cpp" />
    <ClCompile Include="liolib.cpp" />
    <ClCompile Include="llex.cpp" />
    <ClCompile Include="lmathlib.cpp" />
    <ClCompile Include="lmem.cpp" />
    <ClCompile Include="loadlib.cpp" />
    <ClCompile Include="lobject.cpp" />
    <ClCompile Include="lopcodes.cpp" />
    <ClCompile Include="loslib.cpp" />
    <ClCompile Include="lparser.cpp" />
    <ClCompile Include="lstate.cpp" />
    <ClCompile Include="lstring.cpp" />
    <ClCompile Include="lstrlib.cpp" />
    <ClCompile Include="ltable.cpp" />
  </ItemGroup>
  <ItemGroup>
    <ClInclude Include="lcode.h" />
    <ClInclude Include="lctype.h" />
    <ClInclude Include="ldebug.h" />
    <ClInclude Include="ldo.h" />
    <ClInclude Include="lfunc.h" />
    <ClInclude Include="lgc.h" />
    <ClInclude Include="llex.h" />
    <ClInclude Include="llimits.h" />
    <ClInclude Include="lmem.h" />
    <ClInclude Include="lobject.h" />
    <ClInclude Include="lopcodes.h" />
    <ClInclude Include="lparser.h" />
    <ClInclude Include="lprefix.h" />
    <ClInclude Include="lstate.h" />
    <ClInclude Include="lstring.h" />
    <ClInclude Include="ltable.h" />
    <ClInclude Include="ltm.h" />
    <ClInclude Include="lua.h" />
    <ClInclude Include="lua.hpp" />
    <ClInclude Include="luaconf.h" />
    <ClInclude Include="lualib.h" />
    <ClInclude Include="lundump.h" />
    <ClInclude Include="lvm.h" />
    <ClInclude Include="lzio.h" />
    <ClInclude Include="lapi.h" />
    <ClInclude Include="lauxlib.h" />
    <ClInclude Include="luawrapper.hpp" />
    <ClInclude Include="luawrapperutil.hpp" />
  </ItemGroup>
  <ItemGroup>
    <None Include="Makefile" />
  </ItemGroup>
</Project>