<?xml version="1.0" encoding="utf-8"?>
<Project ToolsVersion="4.0" xmlns="http://schemas.microsoft.com/developer/msbuild/2003">
  <ItemGroup>
    <Filter Include="WvsGame">
      <UniqueIdentifier>{3d9e624d-27aa-4a5d-9ad7-e1acb5119fce}</UniqueIdentifier>
    </Filter>
    <Filter Include="WvsGame\InGame">
      <UniqueIdentifier>{b237f97f-29d0-405b-9430-82369d4f9a8d}</UniqueIdentifier>
    </Filter>
    <Filter Include="WvsGame\InGame\Field">
      <UniqueIdentifier>{7e549daf-4abd-4d41-9525-fdb26d3928bb}</UniqueIdentifier>
    </Filter>
    <Filter Include="WvsGame\InGame\Field\Life">
      <UniqueIdentifier>{ceea3012-8c1f-4e8e-9849-d56792f4481c}</UniqueIdentifier>
    </Filter>
    <Filter Include="WvsGame\InGame\User">
      <UniqueIdentifier>{e9b5b415-de34-4b1e-833f-bb2fa11fdf8c}</UniqueIdentifier>
    </Filter>
    <Filter Include="WvsGame\InGame\Field\Life\Controller">
      <UniqueIdentifier>{e791ff88-024a-43b3-8e4e-850d702fe4e0}</UniqueIdentifier>
    </Filter>
    <Filter Include="WvsGame\InGame\Field\Life\Mob">
      <UniqueIdentifier>{8d1a7a21-f1f0-4296-89b7-4412d5137f13}</UniqueIdentifier>
    </Filter>
    <Filter Include="WvsGame\InGame\Field\Life\Npc">
      <UniqueIdentifier>{b95b1d59-d683-4ab1-9a68-439df32a7f35}</UniqueIdentifier>
    </Filter>
    <Filter Include="WvsGame\InGame\Field\Portal">
      <UniqueIdentifier>{25290f0d-91bb-456a-89d5-068c8d1b1538}</UniqueIdentifier>
    </Filter>
    <Filter Include="WvsGame\InGame\Field\Drop">
      <UniqueIdentifier>{53eb92a9-0d40-42d0-ab78-f180ae5be65a}</UniqueIdentifier>
    </Filter>
    <Filter Include="WvsGame\InGame\Inventory">
      <UniqueIdentifier>{25a8c183-7b98-4a05-88b7-c374f49eafbc}</UniqueIdentifier>
    </Filter>
    <Filter Include="WvsGame\InGame\Skill">
      <UniqueIdentifier>{37706c17-4136-473d-a1bc-c0010f3cee5d}</UniqueIdentifier>
    </Filter>
    <Filter Include="WvsGame\InGame\Stat">
      <UniqueIdentifier>{ac78c2d2-0db9-4c78-98b7-00c2e0c96744}</UniqueIdentifier>
    </Filter>
    <Filter Include="WvsGame\InGame\Quest">
      <UniqueIdentifier>{31c79999-2f5d-4bbf-a981-93e04921e1d8}</UniqueIdentifier>
    </Filter>
    <Filter Include="WvsGame\InGame\Script">
      <UniqueIdentifier>{f1354e9d-9bbb-4208-ac5e-75e8952995d5}</UniqueIdentifier>
    </Filter>
    <Filter Include="WvsGame\InGame\Item">
      <UniqueIdentifier>{685d3e38-c927-4852-be7e-3dfd8dbe1b91}</UniqueIdentifier>
    </Filter>
    <Filter Include="WvsGame\InGame\Field\Reactor">
      <UniqueIdentifier>{bd58782b-1204-4a20-bdf6-394f8403b18c}</UniqueIdentifier>
    </Filter>
    <Filter Include="WvsGame\InGame\Field\Physical">
      <UniqueIdentifier>{bd41fbb6-bd8f-47b8-ae7e-d6aadd500d91}</UniqueIdentifier>
    </Filter>
    <Filter Include="WvsGame\InGame\Field\Life\Summoned">
      <UniqueIdentifier>{f846c40a-e877-4e54-8adf-5e15ceadbee5}</UniqueIdentifier>
    </Filter>
    <Filter Include="WvsGame\InGame\Field\Life\Pet">
      <UniqueIdentifier>{ef05dad3-300e-4748-9e33-833af294c5ee}</UniqueIdentifier>
    </Filter>
    <Filter Include="WvsGame\InGame\Skill\SkillConstants">
      <UniqueIdentifier>{b40abfab-e241-46ca-bbae-08b5a3708a73}</UniqueIdentifier>
    </Filter>
  </ItemGroup>
  <ItemGroup>
    <Text Include="ReadMe.txt" />
  </ItemGroup>
  <ItemGroup>
    <ClInclude Include="WvsGame.h">
      <Filter>WvsGame</Filter>
    </ClInclude>
    <ClInclude Include="Center.h">
      <Filter>WvsGame</Filter>
    </ClInclude>
    <ClInclude Include="ClientSocket.h">
      <Filter>WvsGame</Filter>
    </ClInclude>
    <ClInclude Include="LifePool.h">
      <Filter>WvsGame\InGame\Field\Life</Filter>
    </ClInclude>
    <ClInclude Include="Field.h">
      <Filter>WvsGame\InGame\Field</Filter>
    </ClInclude>
    <ClInclude Include="FieldMan.h">
      <Filter>WvsGame\InGame\Field</Filter>
    </ClInclude>
    <ClInclude Include="FieldObj.h">
      <Filter>WvsGame\InGame\Field</Filter>
    </ClInclude>
    <ClInclude Include="User.h">
      <Filter>WvsGame\InGame\User</Filter>
    </ClInclude>
    <ClInclude Include="Controller.h">
      <Filter>WvsGame\InGame\Field\Life\Controller</Filter>
    </ClInclude>
    <ClInclude Include="Mob.h">
      <Filter>WvsGame\InGame\Field\Life\Mob</Filter>
    </ClInclude>
    <ClInclude Include="MobTemplate.h">
      <Filter>WvsGame\InGame\Field\Life\Mob</Filter>
    </ClInclude>
    <ClInclude Include="NPC.h">
      <Filter>WvsGame\InGame\Field\Life\Npc</Filter>
    </ClInclude>
    <ClInclude Include="NpcTemplate.h">
      <Filter>WvsGame\InGame\Field\Life\Npc</Filter>
    </ClInclude>
    <ClInclude Include="PortalMap.h">
      <Filter>WvsGame\InGame\Field\Portal</Filter>
    </ClInclude>
    <ClInclude Include="Portal.h">
      <Filter>WvsGame\InGame\Field\Portal</Filter>
    </ClInclude>
    <ClInclude Include="TownPortal.h">
      <Filter>WvsGame\InGame\Field\Portal</Filter>
    </ClInclude>
    <ClInclude Include="TownPortalPool.h">
      <Filter>WvsGame\InGame\Field\Portal</Filter>
    </ClInclude>
    <ClInclude Include="InventoryManipulator.h">
      <Filter>WvsGame\InGame\Inventory</Filter>
    </ClInclude>
    <ClInclude Include="SkillInfo.h">
      <Filter>WvsGame\InGame\Skill</Filter>
    </ClInclude>
    <ClInclude Include="Drop.h">
      <Filter>WvsGame\InGame\Field\Drop</Filter>
    </ClInclude>
    <ClInclude Include="DropPool.h">
      <Filter>WvsGame\InGame\Field\Drop</Filter>
    </ClInclude>
    <ClInclude Include="Reward.h">
      <Filter>WvsGame\InGame\Field\Drop</Filter>
    </ClInclude>
    <ClInclude Include="QWUInventory.h">
      <Filter>WvsGame\InGame\Inventory</Filter>
    </ClInclude>
    <ClInclude Include="SkillEntry.h">
      <Filter>WvsGame\InGame\Skill</Filter>
    </ClInclude>
    <ClInclude Include="SkillLevelData.h">
      <Filter>WvsGame\InGame\Skill</Filter>
    </ClInclude>
    <ClInclude Include="USkill.h">
      <Filter>WvsGame\InGame\Skill</Filter>
    </ClInclude>
    <ClInclude Include="AttackInfo.h">
      <Filter>WvsGame\InGame\User</Filter>
    </ClInclude>
    <ClInclude Include="CommandManager.h">
      <Filter>WvsGame\InGame\User</Filter>
    </ClInclude>
    <ClInclude Include="QWUSkillRecord.h">
      <Filter>WvsGame\InGame\Skill</Filter>
    </ClInclude>
    <ClInclude Include="QWUser.h">
      <Filter>WvsGame\InGame\User</Filter>
    </ClInclude>
    <ClInclude Include="TemporaryStat.h">
      <Filter>WvsGame\InGame\Stat</Filter>
    </ClInclude>
    <ClInclude Include="SecondaryStat.h">
      <Filter>WvsGame\InGame\Stat</Filter>
    </ClInclude>
    <ClInclude Include="BasicStat.h">
      <Filter>WvsGame\InGame\Stat</Filter>
    </ClInclude>
    <ClInclude Include="QuestMan.h">
      <Filter>WvsGame\InGame\Quest</Filter>
    </ClInclude>
    <ClInclude Include="QuestAct.h">
      <Filter>WvsGame\InGame\Quest</Filter>
    </ClInclude>
    <ClInclude Include="QuestDemand.h">
      <Filter>WvsGame\InGame\Quest</Filter>
    </ClInclude>
    <ClInclude Include="ActItem.h">
      <Filter>WvsGame\InGame\Quest</Filter>
    </ClInclude>
    <ClInclude Include="ActSkill.h">
      <Filter>WvsGame\InGame\Quest</Filter>
    </ClInclude>
    <ClInclude Include="ActQuest.h">
      <Filter>WvsGame\InGame\Quest</Filter>
    </ClInclude>
    <ClInclude Include="ActSP.h">
      <Filter>WvsGame\InGame\Quest</Filter>
    </ClInclude>
    <ClInclude Include="Script.h">
      <Filter>WvsGame\InGame\Script</Filter>
    </ClInclude>
    <ClInclude Include="ScriptMan.h">
      <Filter>WvsGame\InGame\Script</Filter>
    </ClInclude>
    <ClInclude Include="QWUQuestRecord.h">
      <Filter>WvsGame\InGame\Quest</Filter>
    </ClInclude>
    <ClInclude Include="StateChangeItem.h">
      <Filter>WvsGame\InGame\Item</Filter>
    </ClInclude>
    <ClInclude Include="ItemInfo.h">
      <Filter>WvsGame\InGame\Item</Filter>
    </ClInclude>
    <ClInclude Include="EquipItem.h">
      <Filter>WvsGame\InGame\Item</Filter>
    </ClInclude>
    <ClInclude Include="BasicItemStat.h">
      <Filter>WvsGame\InGame\Item</Filter>
    </ClInclude>
    <ClInclude Include="BridleItem.h">
      <Filter>WvsGame\InGame\Item</Filter>
    </ClInclude>
    <ClInclude Include="BundleItem.h">
      <Filter>WvsGame\InGame\Item</Filter>
    </ClInclude>
    <ClInclude Include="MobSummonItem.h">
      <Filter>WvsGame\InGame\Item</Filter>
    </ClInclude>
    <ClInclude Include="PetFoodItem.h">
      <Filter>WvsGame\InGame\Item</Filter>
    </ClInclude>
    <ClInclude Include="PortableChairItem.h">
      <Filter>WvsGame\InGame\Item</Filter>
    </ClInclude>
    <ClInclude Include="PortalScrollItem.h">
      <Filter>WvsGame\InGame\Item</Filter>
    </ClInclude>
    <ClInclude Include="SkillLearnItem.h">
      <Filter>WvsGame\InGame\Item</Filter>
    </ClInclude>
    <ClInclude Include="TamingMobFoodItem.h">
      <Filter>WvsGame\InGame\Item</Filter>
    </ClInclude>
    <ClInclude Include="UpgradeItem.h">
      <Filter>WvsGame\InGame\Item</Filter>
    </ClInclude>
    <ClInclude Include="BackupItem.h">
      <Filter>WvsGame\InGame\Inventory</Filter>
    </ClInclude>
    <ClInclude Include="ExchangeElement.h">
      <Filter>WvsGame\InGame\Inventory</Filter>
    </ClInclude>
    <ClInclude Include="ScriptInventory.h">
      <Filter>WvsGame\InGame\Script</Filter>
    </ClInclude>
    <ClInclude Include="ScriptFieldSet.h">
      <Filter>WvsGame\InGame\Script</Filter>
    </ClInclude>
    <ClInclude Include="ReactorTemplate.h">
      <Filter>WvsGame\InGame\Field\Reactor</Filter>
    </ClInclude>
    <ClInclude Include="Reactor.h">
      <Filter>WvsGame\InGame\Field\Reactor</Filter>
    </ClInclude>
    <ClInclude Include="ReactorPool.h">
      <Filter>WvsGame\InGame\Field\Reactor</Filter>
    </ClInclude>
    <ClInclude Include="TimerThread.h">
      <Filter>WvsGame</Filter>
    </ClInclude>
    <ClInclude Include="WvsPhysicalSpace2D.h">
      <Filter>WvsGame\InGame\Field\Physical</Filter>
    </ClInclude>
    <ClInclude Include="StaticFoothold.h">
      <Filter>WvsGame\InGame\Field\Physical</Filter>
    </ClInclude>
    <ClInclude Include="FootholdTree.h">
      <Filter>WvsGame\InGame\Field\Physical</Filter>
    </ClInclude>
    <ClInclude Include="AttrFoothold.h">
      <Filter>WvsGame\InGame\Field\Physical</Filter>
    </ClInclude>
    <ClInclude Include="FieldRect.h">
      <Filter>WvsGame\InGame\Field\Physical</Filter>
    </ClInclude>
    <ClInclude Include="FieldPoint.h">
      <Filter>WvsGame\InGame\Field\Physical</Filter>
    </ClInclude>
    <ClInclude Include="ScriptPacket.h">
      <Filter>WvsGame\InGame\Script</Filter>
    </ClInclude>
    <ClInclude Include="FieldSet.h">
      <Filter>WvsGame\InGame\Field</Filter>
    </ClInclude>
    <ClInclude Include="CashItem.h">
      <Filter>WvsGame\InGame\Item</Filter>
    </ClInclude>
    <ClInclude Include="ScriptQuestRecord.h">
      <Filter>WvsGame\InGame\Script</Filter>
    </ClInclude>
    <ClInclude Include="MovePath.h">
      <Filter>WvsGame\InGame\Field\Life</Filter>
    </ClInclude>
    <ClInclude Include="ScriptNPC.h">
      <Filter>WvsGame\InGame\Script</Filter>
    </ClInclude>
    <ClInclude Include="ScriptUser.h">
      <Filter>WvsGame\InGame\Script</Filter>
    </ClInclude>
    <ClInclude Include="Pet.h">
      <Filter>WvsGame\InGame\Field\Life\Pet</Filter>
    </ClInclude>
    <ClInclude Include="Summoned.h">
      <Filter>WvsGame\InGame\Field\Life\Summoned</Filter>
    </ClInclude>
    <ClInclude Include="SummonedPool.h">
      <Filter>WvsGame\InGame\Field\Life\Summoned</Filter>
    </ClInclude>
    <ClInclude Include="ForceAtom.h">
      <Filter>WvsGame\InGame\Field</Filter>
    </ClInclude>
    <ClInclude Include="AdminSkills.h">
      <Filter>WvsGame\InGame\Skill\SkillConstants</Filter>
    </ClInclude>
    <ClInclude Include="AngelicBusterSkills.h">
      <Filter>WvsGame\InGame\Skill\SkillConstants</Filter>
    </ClInclude>
    <ClInclude Include="AranSkills.h">
      <Filter>WvsGame\InGame\Skill\SkillConstants</Filter>
    </ClInclude>
    <ClInclude Include="BattleMageSkills.h">
      <Filter>WvsGame\InGame\Skill\SkillConstants</Filter>
    </ClInclude>
    <ClInclude Include="BeastTamerSkills.h">
      <Filter>WvsGame\InGame\Skill\SkillConstants</Filter>
    </ClInclude>
    <ClInclude Include="BlasterSkills.h">
      <Filter>WvsGame\InGame\Skill\SkillConstants</Filter>
    </ClInclude>
    <ClInclude Include="BeginnersSkills.h">
      <Filter>WvsGame\InGame\Skill\SkillConstants</Filter>
    </ClInclude>
    <ClInclude Include="BlazeWizardSkills.h">
      <Filter>WvsGame\InGame\Skill\SkillConstants</Filter>
    </ClInclude>
    <ClInclude Include="BowmanSkills.h">
      <Filter>WvsGame\InGame\Skill\SkillConstants</Filter>
    </ClInclude>
    <ClInclude Include="DawnWarriorSkills.h">
      <Filter>WvsGame\InGame\Skill\SkillConstants</Filter>
    </ClInclude>
    <ClInclude Include="DemonSlayerSkills.h">
      <Filter>WvsGame\InGame\Skill\SkillConstants</Filter>
    </ClInclude>
    <ClInclude Include="EvanSkills.h">
      <Filter>WvsGame\InGame\Skill\SkillConstants</Filter>
    </ClInclude>
    <ClInclude Include="HayatoSkills.h">
      <Filter>WvsGame\InGame\Skill\SkillConstants</Filter>
    </ClInclude>
    <ClInclude Include="KaiserSkills.h">
      <Filter>WvsGame\InGame\Skill\SkillConstants</Filter>
    </ClInclude>
    <ClInclude Include="KannaSkills.h">
      <Filter>WvsGame\InGame\Skill\SkillConstants</Filter>
    </ClInclude>
    <ClInclude Include="KinesisSkills.h">
      <Filter>WvsGame\InGame\Skill\SkillConstants</Filter>
    </ClInclude>
    <ClInclude Include="LuminousSkills.h">
      <Filter>WvsGame\InGame\Skill\SkillConstants</Filter>
    </ClInclude>
    <ClInclude Include="LegendarySkills.h">
      <Filter>WvsGame\InGame\Skill\SkillConstants</Filter>
    </ClInclude>
    <ClInclude Include="MagicSkills.h">
      <Filter>WvsGame\InGame\Skill\SkillConstants</Filter>
    </ClInclude>
    <ClInclude Include="ManagerSkills.h">
      <Filter>WvsGame\InGame\Skill\SkillConstants</Filter>
    </ClInclude>
    <ClInclude Include="MechanicSkills.h">
      <Filter>WvsGame\InGame\Skill\SkillConstants</Filter>
    </ClInclude>
    <ClInclude Include="MercedesSkills.h">
      <Filter>WvsGame\InGame\Skill\SkillConstants</Filter>
    </ClInclude>
    <ClInclude Include="MihileSkills.h">
      <Filter>WvsGame\InGame\Skill\SkillConstants</Filter>
    </ClInclude>
    <ClInclude Include="NamelessWardenSkills.h">
      <Filter>WvsGame\InGame\Skill\SkillConstants</Filter>
    </ClInclude>
    <ClInclude Include="NightWalkerSkills.h">
      <Filter>WvsGame\InGame\Skill\SkillConstants</Filter>
    </ClInclude>
    <ClInclude Include="NoblesseSkills.h">
      <Filter>WvsGame\InGame\Skill\SkillConstants</Filter>
    </ClInclude>
    <ClInclude Include="PhantomSkills.h">
      <Filter>WvsGame\InGame\Skill\SkillConstants</Filter>
    </ClInclude>
    <ClInclude Include="PirateSkills.h">
      <Filter>WvsGame\InGame\Skill\SkillConstants</Filter>
    </ClInclude>
    <ClInclude Include="PinkBeanSkills.h">
      <Filter>WvsGame\InGame\Skill\SkillConstants</Filter>
    </ClInclude>
    <ClInclude Include="ResistanceSkills.h">
      <Filter>WvsGame\InGame\Skill\SkillConstants</Filter>
    </ClInclude>
    <ClInclude Include="RogueSkills.h">
      <Filter>WvsGame\InGame\Skill\SkillConstants</Filter>
    </ClInclude>
    <ClInclude Include="ShadeSkills.h">
      <Filter>WvsGame\InGame\Skill\SkillConstants</Filter>
    </ClInclude>
    <ClInclude Include="ThunderBreakerSkills.h">
      <Filter>WvsGame\InGame\Skill\SkillConstants</Filter>
    </ClInclude>
    <ClInclude Include="WindArcherSkills.h">
      <Filter>WvsGame\InGame\Skill\SkillConstants</Filter>
    </ClInclude>
    <ClInclude Include="WildHunterSkills.h">
      <Filter>WvsGame\InGame\Skill\SkillConstants</Filter>
    </ClInclude>
    <ClInclude Include="WarriorSkills.h">
      <Filter>WvsGame\InGame\Skill\SkillConstants</Filter>
    </ClInclude>
    <ClInclude Include="XenonSkills.h">
      <Filter>WvsGame\InGame\Skill\SkillConstants</Filter>
    </ClInclude>
    <ClInclude Include="ZeroSkills.h">
      <Filter>WvsGame\InGame\Skill\SkillConstants</Filter>
    </ClInclude>
  </ItemGroup>
  <ItemGroup>
    <ClCompile Include="WvsGame.cpp">
      <Filter>WvsGame</Filter>
    </ClCompile>
    <ClCompile Include="Center.cpp">
      <Filter>WvsGame</Filter>
    </ClCompile>
    <ClCompile Include="ClientSocket.cpp">
      <Filter>WvsGame</Filter>
    </ClCompile>
    <ClCompile Include="LifePool.cpp">
      <Filter>WvsGame\InGame\Field\Life</Filter>
    </ClCompile>
    <ClCompile Include="Field.cpp">
      <Filter>WvsGame\InGame\Field</Filter>
    </ClCompile>
    <ClCompile Include="FieldMan.cpp">
      <Filter>WvsGame\InGame\Field</Filter>
    </ClCompile>
    <ClCompile Include="FieldObj.cpp">
      <Filter>WvsGame\InGame\Field</Filter>
    </ClCompile>
    <ClCompile Include="User.cpp">
      <Filter>WvsGame\InGame\User</Filter>
    </ClCompile>
    <ClCompile Include="Controller.cpp">
      <Filter>WvsGame\InGame\Field\Life\Controller</Filter>
    </ClCompile>
    <ClCompile Include="Mob.cpp">
      <Filter>WvsGame\InGame\Field\Life\Mob</Filter>
    </ClCompile>
    <ClCompile Include="MobTemplate.cpp">
      <Filter>WvsGame\InGame\Field\Life\Mob</Filter>
    </ClCompile>
    <ClCompile Include="NPC.cpp">
      <Filter>WvsGame\InGame\Field\Life\Npc</Filter>
    </ClCompile>
    <ClCompile Include="NpcTemplate.cpp">
      <Filter>WvsGame\InGame\Field\Life\Npc</Filter>
    </ClCompile>
    <ClCompile Include="PortalMap.cpp">
      <Filter>WvsGame\InGame\Field\Portal</Filter>
    </ClCompile>
    <ClCompile Include="Portal.cpp">
      <Filter>WvsGame\InGame\Field\Portal</Filter>
    </ClCompile>
    <ClCompile Include="TownPortal.cpp">
      <Filter>WvsGame\InGame\Field\Portal</Filter>
    </ClCompile>
    <ClCompile Include="TownPortalPool.cpp">
      <Filter>WvsGame\InGame\Field\Portal</Filter>
    </ClCompile>
    <ClCompile Include="InventoryManipulator.cpp">
      <Filter>WvsGame\InGame\Inventory</Filter>
    </ClCompile>
    <ClCompile Include="SkillInfo.cpp">
      <Filter>WvsGame\InGame\Skill</Filter>
    </ClCompile>
    <ClCompile Include="Drop.cpp">
      <Filter>WvsGame\InGame\Field\Drop</Filter>
    </ClCompile>
    <ClCompile Include="DropPool.cpp">
      <Filter>WvsGame\InGame\Field\Drop</Filter>
    </ClCompile>
    <ClCompile Include="Reward.cpp">
      <Filter>WvsGame\InGame\Field\Drop</Filter>
    </ClCompile>
    <ClCompile Include="QWUInventory.cpp">
      <Filter>WvsGame\InGame\Inventory</Filter>
    </ClCompile>
    <ClCompile Include="SkillEntry.cpp">
      <Filter>WvsGame\InGame\Skill</Filter>
    </ClCompile>
    <ClCompile Include="SkillLevelData.cpp">
      <Filter>WvsGame\InGame\Skill</Filter>
    </ClCompile>
    <ClCompile Include="USkill.cpp">
      <Filter>WvsGame\InGame\Skill</Filter>
    </ClCompile>
    <ClCompile Include="AttackInfo.cpp">
      <Filter>WvsGame\InGame\User</Filter>
    </ClCompile>
    <ClCompile Include="CommandManager.cpp">
      <Filter>WvsGame\InGame\User</Filter>
    </ClCompile>
    <ClCompile Include="QWUSkillRecord.cpp">
      <Filter>WvsGame\InGame\Skill</Filter>
    </ClCompile>
    <ClCompile Include="QWUser.cpp">
      <Filter>WvsGame\InGame\User</Filter>
    </ClCompile>
    <ClCompile Include="BasicStat.cpp">
      <Filter>WvsGame\InGame\Stat</Filter>
    </ClCompile>
    <ClCompile Include="TemporaryStat.cpp">
      <Filter>WvsGame\InGame\Stat</Filter>
    </ClCompile>
    <ClCompile Include="SecondaryStat.cpp">
      <Filter>WvsGame\InGame\Stat</Filter>
    </ClCompile>
    <ClCompile Include="QuestMan.cpp">
      <Filter>WvsGame\InGame\Quest</Filter>
    </ClCompile>
    <ClCompile Include="Script.cpp">
      <Filter>WvsGame\InGame\Script</Filter>
    </ClCompile>
    <ClCompile Include="ScriptMan.cpp">
      <Filter>WvsGame\InGame\Script</Filter>
    </ClCompile>
    <ClCompile Include="QWUQuestRecord.cpp">
      <Filter>WvsGame\InGame\Quest</Filter>
    </ClCompile>
    <ClCompile Include="StateChangeItem.cpp">
      <Filter>WvsGame\InGame\Item</Filter>
    </ClCompile>
    <ClCompile Include="ItemInfo.cpp">
      <Filter>WvsGame\InGame\Item</Filter>
    </ClCompile>
    <ClCompile Include="EquipItem.cpp">
      <Filter>WvsGame\InGame\Item</Filter>
    </ClCompile>
    <ClCompile Include="BridleItem.cpp">
      <Filter>WvsGame\InGame\Item</Filter>
    </ClCompile>
    <ClCompile Include="BundleItem.cpp">
      <Filter>WvsGame\InGame\Item</Filter>
    </ClCompile>
    <ClCompile Include="MobSummonItem.cpp">
      <Filter>WvsGame\InGame\Item</Filter>
    </ClCompile>
    <ClCompile Include="PetFoodItem.cpp">
      <Filter>WvsGame\InGame\Item</Filter>
    </ClCompile>
    <ClCompile Include="PortableChairItem.cpp">
      <Filter>WvsGame\InGame\Item</Filter>
    </ClCompile>
    <ClCompile Include="PortalScrollItem.cpp">
      <Filter>WvsGame\InGame\Item</Filter>
    </ClCompile>
    <ClCompile Include="SkillLearnItem.cpp">
      <Filter>WvsGame\InGame\Item</Filter>
    </ClCompile>
    <ClCompile Include="TamingMobFoodItem.cpp">
      <Filter>WvsGame\InGame\Item</Filter>
    </ClCompile>
    <ClCompile Include="UpgradeItem.cpp">
      <Filter>WvsGame\InGame\Item</Filter>
    </ClCompile>
    <ClCompile Include="ScriptInventory.cpp">
      <Filter>WvsGame\InGame\Script</Filter>
    </ClCompile>
    <ClCompile Include="ScriptFieldSet.cpp">
      <Filter>WvsGame\InGame\Script</Filter>
    </ClCompile>
    <ClCompile Include="Reactor.cpp">
      <Filter>WvsGame\InGame\Field\Reactor</Filter>
    </ClCompile>
    <ClCompile Include="ReactorPool.cpp">
      <Filter>WvsGame\InGame\Field\Reactor</Filter>
    </ClCompile>
    <ClCompile Include="ReactorTemplate.cpp">
      <Filter>WvsGame\InGame\Field\Reactor</Filter>
    </ClCompile>
    <ClCompile Include="main.cpp" />
    <ClCompile Include="TimerThread.cpp">
      <Filter>WvsGame</Filter>
    </ClCompile>
    <ClCompile Include="WvsPhysicalSpace2D.cpp">
      <Filter>WvsGame\InGame\Field\Physical</Filter>
    </ClCompile>
    <ClCompile Include="StaticFoothold.cpp">
      <Filter>WvsGame\InGame\Field\Physical</Filter>
    </ClCompile>
    <ClCompile Include="FootholdTree.cpp">
      <Filter>WvsGame\InGame\Field\Physical</Filter>
    </ClCompile>
    <ClCompile Include="ScriptPacket.cpp">
      <Filter>WvsGame\InGame\Script</Filter>
    </ClCompile>
    <ClCompile Include="FieldSet.cpp">
      <Filter>WvsGame\InGame\Field</Filter>
    </ClCompile>
    <ClCompile Include="ScriptQuestRecord.cpp">
      <Filter>WvsGame\InGame\Script</Filter>
    </ClCompile>
    <ClCompile Include="MovePath.cpp">
      <Filter>WvsGame\InGame\Field\Life</Filter>
    </ClCompile>
    <ClCompile Include="ScriptNPC.cpp">
      <Filter>WvsGame\InGame\Script</Filter>
    </ClCompile>
    <ClCompile Include="ScriptUser.cpp">
      <Filter>WvsGame\InGame\Script</Filter>
    </ClCompile>
    <ClCompile Include="Pet.cpp">
      <Filter>WvsGame\InGame\Field\Life\Pet</Filter>
    </ClCompile>
    <ClCompile Include="Summoned.cpp">
      <Filter>WvsGame\InGame\Field\Life\Summoned</Filter>
    </ClCompile>
    <ClCompile Include="SummonedPool.cpp">
      <Filter>WvsGame\InGame\Field\Life\Summoned</Filter>
    </ClCompile>
    <ClCompile Include="ForceAtom.cpp">
      <Filter>WvsGame\InGame\Field</Filter>
    </ClCompile>
  </ItemGroup>
</Project>