<?xml version="1.0" encoding="utf-8"?>
<Project ToolsVersion="4.0" xmlns="http://schemas.microsoft.com/developer/msbuild/2003">
  <ItemGroup>
    <Text Include="ReadMe.txt" />
  </ItemGroup>
  <ItemGroup>
    <ClCompile Include="main.cpp" />
    <ClCompile Include="WvsLogin.cpp">
      <Filter>Login</Filter>
    </ClCompile>
    <ClCompile Include="LoginSocket.cpp">
      <Filter>Login</Filter>
    </ClCompile>
    <ClCompile Include="Center.cpp">
      <Filter>Login</Filter>
    </ClCompile>
  </ItemGroup>
  <ItemGroup>
    <Filter Include="Login">
      <UniqueIdentifier>{777aa3c0-ac9a-42d2-bba0-56893a605bce}</UniqueIdentifier>
    </Filter>
  </ItemGroup>
  <ItemGroup>
    <ClInclude Include="WvsLogin.h">
      <Filter>Login</Filter>
    </ClInclude>
    <ClInclude Include="LoginSocket.h">
      <Filter>Login</Filter>
    </ClInclude>
    <ClInclude Include="Center.h">
      <Filter>Login</Filter>
    </ClInclude>
  </ItemGroup>
</Project>