<?xml version="1.0" encoding="utf-8"?>
<Project ToolsVersion="4.0" xmlns="http://schemas.microsoft.com/developer/msbuild/2003">
  <ItemGroup>
    <Filter Include="Constants">
      <UniqueIdentifier>{78797d32-8001-4318-8248-4a5a4e1ecbd0}</UniqueIdentifier>
    </Filter>
    <Filter Include="Utilities">
      <UniqueIdentifier>{ff5c0118-1e6e-4c88-97f2-ea15501450ea}</UniqueIdentifier>
    </Filter>
    <Filter Include="Server">
      <UniqueIdentifier>{9a5ff9f6-bf9c-47f6-95f0-b532b7e9de1c}</UniqueIdentifier>
    </Filter>
    <Filter Include="Common">
      <UniqueIdentifier>{efecdaa2-6b9a-4169-bbd2-5c9b5c9f13fd}</UniqueIdentifier>
    </Filter>
    <Filter Include="Common\AES">
      <UniqueIdentifier>{6515a2be-601e-44f1-ae91-acc314acaf27}</UniqueIdentifier>
    </Filter>
    <Filter Include="AES">
      <UniqueIdentifier>{00dede5f-2ab0-4582-b8b4-cb148f1bf3d1}</UniqueIdentifier>
    </Filter>
  </ItemGroup>
  <ItemGroup>
    <ClInclude Include="LocalSocket.h">
      <Filter>Server</Filter>
    </ClInclude>
    <ClInclude Include="ServerBase.h">
      <Filter>Server</Filter>
    </ClInclude>
    <ClInclude Include="LocalServer.h">
      <Filter>Server</Filter>
    </ClInclude>
    <ClInclude Include="..\Common\AES\aes.h" />
    <ClInclude Include="..\Common\AES\aesopt.h" />
    <ClInclude Include="..\Common\AES\aestab.h" />
    <ClInclude Include="..\Common\AES\aes_ni.h" />
    <ClInclude Include="..\Common\AES\brg_endian.h" />
    <ClInclude Include="..\Common\AES\brg_types.h" />
    <ClInclude Include="..\Common\AES\WzAES.hpp" />
    <ClInclude Include="..\Common\mem\memtailor.h" />
    <ClInclude Include="..\Common\MemPool\MemoryPool.h" />
    <ClInclude Include="..\Common\Arena.h" />
    <ClInclude Include="..\Common\ArenaVector.h" />
    <ClInclude Include="..\Common\BufferPool.h" />
    <ClInclude Include="..\Common\crypto.hpp" />
    <ClInclude Include="..\Common\CryptoConstants.hpp" />
    <ClInclude Include="..\Common\InPacket.h" />
    <ClInclude Include="..\Common\MemoryBlocks.h" />
    <ClInclude Include="..\Common\MemoryPoolMan.hpp" />
    <ClInclude Include="..\Common\OutPacket.h" />
    <ClInclude Include="..\Common\ServerConstants.hpp" />
    <ClInclude Include="..\Common\wz.hpp" />
    <ClInclude Include="..\Common\wzcrypto.hpp" />
    <ClInclude Include="..\Common\wzimg.hpp" />
    <ClInclude Include="..\Common\wzmain.hpp" />
    <ClInclude Include="..\Common\WzResMan.hpp" />
    <ClInclude Include="ServerConstants.hpp" />
  </ItemGroup>
  <ItemGroup>
    <ClCompile Include="MNMS.cpp" />
    <ClCompile Include="LocalSocket.cpp">
      <Filter>Server</Filter>
    </ClCompile>
    <ClCompile Include="ServerBase.cpp">
      <Filter>Server</Filter>
    </ClCompile>
    <ClCompile Include="LocalServer.cpp">
      <Filter>Server</Filter>
    </ClCompile>
    <ClCompile Include="WvsWorld.cpp">
      <Filter>Server</Filter>
    </ClCompile>
    <ClCompile Include="OutPacket.cpp" />
    <ClCompile Include="InPacket.cpp" />
    <ClCompile Include="..\Common\AES\aescrypt.c" />
    <ClCompile Include="..\Common\AES\aeskey.c" />
    <ClCompile Include="..\Common\AES\aestab.c" />
    <ClCompile Include="..\Common\AES\aes_modes.c" />
    <ClCompile Include="..\Common\AES\aes_ni.c" />
    <ClCompile Include="..\Common\AES\WzAES.cpp" />
    <ClCompile Include="..\Common\mem\memtailor.cpp" />
    <ClCompile Include="..\Common\mem\test\ArenaTest.cpp" />
    <ClCompile Include="..\Common\mem\test\BufferPoolTest.cpp" />
    <ClCompile Include="..\Common\mem\test\gtestInclude.cpp" />
    <ClCompile Include="..\Common\mem\test\MemoryBlocksTest.cpp" />
    <ClCompile Include="..\Common\mem\test\testMain.cpp" />
    <ClCompile Include="..\Common\Arena.cpp" />
    <ClCompile Include="..\Common\BufferPool.cpp" />
    <ClCompile Include="..\Common\crypto.cpp" />
    <ClCompile Include="..\Common\InPacket.cpp" />
    <ClCompile Include="..\Common\MemoryBlocks.cpp" />
    <ClCompile Include="..\Common\MemoryPoolMan.cpp" />
    <ClCompile Include="..\Common\OutPacket.cpp" />
    <ClCompile Include="..\Common\wzcrypto.cpp" />
    <ClCompile Include="..\Common\wzimg.cpp" />
    <ClCompile Include="..\Common\wzmain.cpp" />
    <ClCompile Include="..\Common\wznode.cpp" />
    <ClCompile Include="..\Common\WzResMan.cpp" />
    <ClCompile Include="AES\aescrypt.c" />
    <ClCompile Include="AES\aeskey.c" />
    <ClCompile Include="AES\aestab.c" />
    <ClCompile Include="AES\aes_modes.c" />
    <ClCompile Include="AES\aes_ni.c" />
    <ClCompile Include="AES\WzAES.cpp" />
    <ClCompile Include="Arena.cpp" />
    <ClCompile Include="BufferPool.cpp" />
    <ClCompile Include="crypto.cpp" />
    <ClCompile Include="CryptoConstants.hpp" />
    <ClCompile Include="mapfile.cpp" />
    <ClCompile Include="MemoryBlocks.cpp" />
    <ClCompile Include="MemoryPoolMan.cpp" />
    <ClCompile Include="wzcrypto.cpp" />
    <ClCompile Include="wzimg.cpp" />
    <ClCompile Include="wzmain.cpp" />
    <ClCompile Include="wznode.cpp" />
    <ClCompile Include="WzResMan.cpp" />
  </ItemGroup>
</Project>